<?xml version="1.0" encoding="utf-8"?>
<Project ToolsVersion="4.0" xmlns="http://schemas.microsoft.com/developer/msbuild/2003">
  <ItemGroup>
    <Filter Include="Header Files">
      <UniqueIdentifier>{9571ffc6-8aef-472b-9df2-f68e0039164d}</UniqueIdentifier>
      <Extensions>h;hpp;hxx;hm;inl</Extensions>
    </Filter>
    <Filter Include="Source Files">
      <UniqueIdentifier>{8d80c6f8-5603-4bee-88d6-182ff5f3e150}</UniqueIdentifier>
      <Extensions>cpp;c;cxx;rc;def;r;odl;idl;hpj;bat</Extensions>
    </Filter>
    <Filter Include="Resource Files">
      <UniqueIdentifier>{02a49415-57e0-4692-a8b9-538b25c2a130}</UniqueIdentifier>
      <Extensions>ico;cur;bmp;dlg;rc2;rct;bin;rgs;gif;jpg;jpeg;jpe</Extensions>
    </Filter>
  </ItemGroup>
  <ItemGroup>
    <ClCompile Include="StdAfx.cpp">
      <Filter>Source Files</Filter>
    </ClCompile>
    <ClCompile Include="RadarMapDlgClient.cpp">
      <Filter>Source Files</Filter>
    </ClCompile>
    <ClCompile Include="RadarMapDlgClientDlg.cpp">
      <Filter>Source Files</Filter>
    </ClCompile>
  </ItemGroup>
  <ItemGroup>
    <ClInclude Include="Resource.h">
      <Filter>Header Files</Filter>
    </ClInclude>
    <ClInclude Include="StdAfx.h">
      <Filter>Header Files</Filter>
    </ClInclude>
    <ClInclude Include="RadarMapDlgClient.h">
      <Filter>Header Files</Filter>
    </ClInclude>
    <ClInclude Include="RadarMapDlgClientDlg.h">
      <Filter>Header Files</Filter>
    </ClInclude>
  </ItemGroup>
  <ItemGroup>
    <None Include="res\RadarMapDlgClient.ico">
      <Filter>Resource Files</Filter>
    </None>
    <None Include="res\RadarMapDlgClient.rc2">
      <Filter>Resource Files</Filter>
    </None>
    <None Include="..\ScenarioIndia.xml" />
    <None Include="..\ScenarioSyria.xml" />
    <None Include="ReadMe.txt" />
  </ItemGroup>
  <ItemGroup>
    <ResourceCompile Include="RadarMapDlgClient.rc">
      <Filter>Resource Files</Filter>
    </ResourceCompile>
  </ItemGroup>
</Project>